
Microsoft Visual Studio Solution File, Format Version 12.00
# Visual Studio 15
VisualStudioVersion = 15.0.28307.572
MinimumVisualStudioVersion = 10.0.40219.1
Project("{FAE04EC0-301F-11D3-BF4B-00C04F79EFBC}") = "PriCli", "Tes4\PriCli.csproj", "{60637C95-5F89-4509-9DCD-68BB175A248D}"
EndProject
Global
	GlobalSection(SolutionConfigurationPlatforms) = preSolution
		Debug|Any CPU = Debug|Any CPU
		Release|Any CPU = Release|Any CPU
	EndGlobalSection
	GlobalSection(ProjectConfigurationPlatforms) = postSolution
		{60637C95-5F89-4509-9DCD-68BB175A248D}.Debug|Any CPU.ActiveCfg = Debug|Any CPU
		{60637C95-5F89-4509-9DCD-68BB175A248D}.Debug|Any CPU.Build.0 = Debug|Any CPU
		{60637C95-5F89-4509-9DCD-68BB175A248D}.Release|Any CPU.ActiveCfg = Release|Any CPU
		{60637C95-5F89-4509-9DCD-68BB175A248D}.Release|Any CPU.Build.0 = Release|Any CPU
	EndGlobalSection
	GlobalSection(SolutionProperties) = preSolution
		HideSolutionNode = FALSE
	EndGlobalSection
	GlobalSection(ExtensibilityGlobals) = postSolution
		SolutionGuid = {C9DDB8F3-1521-4818-8D96-E7BEAE4E0E0D}
	EndGlobalSection
EndGlobal
